// !$*UTF8*$!
{
	archiveVersion = 1;
	classes = {
	};
	objectVersion = 50;
	objects = {

/* Begin PBXBuildFile section */
		2503B3132618A17800D3A1DD /* AppDelegate.swift in Sources */ = {isa = PBXBuildFile; fileRef = 2503B3122618A17800D3A1DD /* AppDelegate.swift */; };
		2503B3152618A17800D3A1DD /* SceneDelegate.swift in Sources */ = {isa = PBXBuildFile; fileRef = 2503B3142618A17800D3A1DD /* SceneDelegate.swift */; };
		2503B3172618A17800D3A1DD /* ViewController.swift in Sources */ = {isa = PBXBuildFile; fileRef = 2503B3162618A17800D3A1DD /* ViewController.swift */; };
		2503B31A2618A17800D3A1DD /* Main.storyboard in Resources */ = {isa = PBXBuildFile; fileRef = 2503B3182618A17800D3A1DD /* Main.storyboard */; };
		2503B31C2618A17B00D3A1DD /* Assets.xcassets in Resources */ = {isa = PBXBuildFile; fileRef = 2503B31B2618A17B00D3A1DD /* Assets.xcassets */; };
		2503B31F2618A17B00D3A1DD /* LaunchScreen.storyboard in Resources */ = {isa = PBXBuildFile; fileRef = 2503B31D2618A17B00D3A1DD /* LaunchScreen.storyboard */; };
		2503B3292618C02000D3A1DD /* Extension.swift in Sources */ = {isa = PBXBuildFile; fileRef = 2503B3282618C02000D3A1DD /* Extension.swift */; };
/* End PBXBuildFile section */

/* Begin PBXFileReference section */
		2503B30F2618A17800D3A1DD /* RGBtoHexConverter.app */ = {isa = PBXFileReference; explicitFileType = wrapper.application; includeInIndex = 0; path = RGBtoHexConverter.app; sourceTree = BUILT_PRODUCTS_DIR; };
		2503B3122618A17800D3A1DD /* AppDelegate.swift */ = {isa = PBXFileReference; lastKnownFileType = sourcecode.swift; path = AppDelegate.swift; sourceTree = "<group>"; };
		2503B3142618A17800D3A1DD /* SceneDelegate.swift */ = {isa = PBXFileReference; lastKnownFileType = sourcecode.swift; path = SceneDelegate.swift; sourceTree = "<group>"; };
		2503B3162618A17800D3A1DD /* ViewController.swift */ = {isa = PBXFileReference; lastKnownFileType = sourcecode.swift; path = ViewController.swift; sourceTree = "<group>"; };
		2503B3192618A17800D3A1DD /* Base */ = {isa = PBXFileReference; lastKnownFileType = file.storyboard; name = Base; path = Base.lproj/Main.storyboard; sourceTree = "<group>"; };
		2503B31B2618A17B00D3A1DD /* Assets.xcassets */ = {isa = PBXFileReference; lastKnownFileType = folder.assetcatalog; path = Assets.xcassets; sourceTree = "<group>"; };
		2503B31E2618A17B00D3A1DD /* Base */ = {isa = PBXFileReference; lastKnownFileType = file.storyboard; name = Base; path = Base.lproj/LaunchScreen.storyboard; sourceTree = "<group>"; };
		2503B3202618A17B00D3A1DD /* Info.plist */ = {isa = PBXFileReference; lastKnownFileType = text.plist.xml; path = Info.plist; sourceTree = "<group>"; };
		2503B3282618C02000D3A1DD /* Extension.swift */ = {isa = PBXFileReference; lastKnownFileType = sourcecode.swift; path = Extension.swift; sourceTree = "<group>"; };
/* End PBXFileReference section */

/* Begin PBXFrameworksBuildPhase section */
		2503B30C2618A17800D3A1DD /* Frameworks */ = {
			isa = PBXFrameworksBuildPhase;
			buildActionMask = 2147483647;
			files = (
			);
			runOnlyForDeploymentPostprocessing = 0;
		};
/* End PBXFrameworksBuildPhase section */

/* Begin PBXGroup section */
		2503B3062618A17800D3A1DD = {
			isa = PBXGroup;
			children = (
				2503B3112618A17800D3A1DD /* RGBtoHexConverter */,
				2503B3102618A17800D3A1DD /* Products */,
			);
			sourceTree = "<group>";
		};
		2503B3102618A17800D3A1DD /* Products */ = {
			isa = PBXGroup;
			children = (
				2503B30F2618A17800D3A1DD /* RGBtoHexConverter.app */,
			);
			name = Products;
			sourceTree = "<group>";
		};
		2503B3112618A17800D3A1DD /* RGBtoHexConverter */ = {
			isa = PBXGroup;
			children = (
				2503B3272618C00900D3A1DD /* Extension */,
				2503B3122618A17800D3A1DD /* AppDelegate.swift */,
				2503B3142618A17800D3A1DD /* SceneDelegate.swift */,
				2503B3162618A17800D3A1DD /* ViewController.swift */,
				2503B3182618A17800D3A1DD /* Main.storyboard */,
				2503B31B2618A17B00D3A1DD /* Assets.xcassets */,
				2503B31D2618A17B00D3A1DD /* LaunchScreen.storyboard */,
				2503B3202618A17B00D3A1DD /* Info.plist */,
			);
			path = RGBtoHexConverter;
			sourceTree = "<group>";
		};
		2503B3272618C00900D3A1DD /* Extension */ = {
			isa = PBXGroup;
			children = (
				2503B3282618C02000D3A1DD /* Extension.swift */,
			);
			path = Extension;
			sourceTree = "<group>";
		};
/* End PBXGroup section */

/* Begin PBXNativeTarget section */
		2503B30E2618A17800D3A1DD /* RGBtoHexConverter */ = {
			isa = PBXNativeTarget;
			buildConfigurationList = 2503B3232618A17B00D3A1DD /* Build configuration list for PBXNativeTarget "RGBtoHexConverter" */;
			buildPhases = (
				2503B30B2618A17800D3A1DD /* Sources */,
				2503B30C2618A17800D3A1DD /* Frameworks */,
				2503B30D2618A17800D3A1DD /* Resources */,
			);
			buildRules = (
			);
			dependencies = (
			);
			name = RGBtoHexConverter;
			productName = RGBtoHexConverter;
			productReference = 2503B30F2618A17800D3A1DD /* RGBtoHexConverter.app */;
			productType = "com.apple.product-type.application";
		};
/* End PBXNativeTarget section */

/* Begin PBXProject section */
		2503B3072618A17800D3A1DD /* Project object */ = {
			isa = PBXProject;
			attributes = {
				LastSwiftUpdateCheck = 1220;
				LastUpgradeCheck = 1220;
				TargetAttributes = {
					2503B30E2618A17800D3A1DD = {
						CreatedOnToolsVersion = 12.2;
					};
				};
			};
			buildConfigurationList = 2503B30A2618A17800D3A1DD /* Build configuration list for PBXProject "RGBtoHexConverter" */;
			compatibilityVersion = "Xcode 9.3";
			developmentRegion = en;
			hasScannedForEncodings = 0;
			knownRegions = (
				en,
				Base,
			);
			mainGroup = 2503B3062618A17800D3A1DD;
			productRefGroup = 2503B3102618A17800D3A1DD /* Products */;
			projectDirPath = "";
			projectRoot = "";
			targets = (
				2503B30E2618A17800D3A1DD /* RGBtoHexConverter */,
			);
		};
/* End PBXProject section */

/* Begin PBXResourcesBuildPhase section */
		2503B30D2618A17800D3A1DD /* Resources */ = {
			isa = PBXResourcesBuildPhase;
			buildActionMask = 2147483647;
			files = (
				2503B31F2618A17B00D3A1DD /* LaunchScreen.storyboard in Resources */,
				2503B31C2618A17B00D3A1DD /* Assets.xcassets in Resources */,
				2503B31A2618A17800D3A1DD /* Main.storyboard in Resources */,
			);
			runOnlyForDeploymentPostprocessing = 0;
		};
/* End PBXResourcesBuildPhase section */

/* Begin PBXSourcesBuildPhase section */
		2503B30B2618A17800D3A1DD /* Sources */ = {
			isa = PBXSourcesBuildPhase;
			buildActionMask = 2147483647;
			files = (
				2503B3292618C02000D3A1DD /* Extension.swift in Sources */,
				2503B3172618A17800D3A1DD /* ViewController.swift in Sources */,
				2503B3132618A17800D3A1DD /* AppDelegate.swift in Sources */,
				2503B3152618A17800D3A1DD /* SceneDelegate.swift in Sources */,
			);
			runOnlyForDeploymentPostprocessing = 0;
		};
/* End PBXSourcesBuildPhase section */

/* Begin PBXVariantGroup section */
		2503B3182618A17800D3A1DD /* Main.storyboard */ = {
			isa = PBXVariantGroup;
			children = (
				2503B3192618A17800D3A1DD /* Base */,
			);
			name = Main.storyboard;
			sourceTree = "<group>";
		};
		2503B31D2618A17B00D3A1DD /* LaunchScreen.storyboard */ = {
			isa = PBXVariantGroup;
			children = (
				2503B31E2618A17B00D3A1DD /* Base */,
			);
			name = LaunchScreen.storyboard;
			sourceTree = "<group>";
		};
/* End PBXVariantGroup section */

/* Begin XCBuildConfiguration section */
		2503B3212618A17B00D3A1DD /* Debug */ = {
			isa = XCBuildConfiguration;
			buildSettings = {
				ALWAYS_SEARCH_USER_PATHS = NO;
				CLANG_ANALYZER_NONNULL = YES;
				CLANG_ANALYZER_NUMBER_OBJECT_CONVERSION = YES_AGGRESSIVE;
				CLANG_CXX_LANGUAGE_STANDARD = "gnu++14";
				CLANG_CXX_LIBRARY = "libc++";
				CLANG_ENABLE_MODULES = YES;
				CLANG_ENABLE_OBJC_ARC = YES;
				CLANG_ENABLE_OBJC_WEAK = YES;
				CLANG_WARN_BLOCK_CAPTURE_AUTORELEASING = YES;
				CLANG_WARN_BOOL_CONVERSION = YES;
				CLANG_WARN_COMMA = YES;
				CLANG_WARN_CONSTANT_CONVERSION = YES;
				CLANG_WARN_DEPRECATED_OBJC_IMPLEMENTATIONS = YES;
				CLANG_WARN_DIRECT_OBJC_ISA_USAGE = YES_ERROR;
				CLANG_WARN_DOCUMENTATION_COMMENTS = YES;
				CLANG_WARN_EMPTY_BODY = YES;
				CLANG_WARN_ENUM_CONVERSION = YES;
				CLANG_WARN_INFINITE_RECURSION = YES;
				CLANG_WARN_INT_CONVERSION = YES;
				CLANG_WARN_NON_LITERAL_NULL_CONVERSION = YES;
				CLANG_WARN_OBJC_IMPLICIT_RETAIN_SELF = YES;
				CLANG_WARN_OBJC_LITERAL_CONVERSION = YES;
				CLANG_WARN_OBJC_ROOT_CLASS = YES_ERROR;
				CLANG_WARN_QUOTED_INCLUDE_IN_FRAMEWORK_HEADER = YES;
				CLANG_WARN_RANGE_LOOP_ANALYSIS = YES;
				CLANG_WARN_STRICT_PROTOTYPES = YES;
				CLANG_WARN_SUSPICIOUS_MOVE = YES;
				CLANG_WARN_UNGUARDED_AVAILABILITY = YES_AGGRESSIVE;
				CLANG_WARN_UNREACHABLE_CODE = YES;
				CLANG_WARN__DUPLICATE_METHOD_MATCH = YES;
				COPY_PHASE_STRIP = NO;
				DEBUG_INFORMATION_FORMAT = dwarf;
				ENABLE_STRICT_OBJC_MSGSEND = YES;
				ENABLE_TESTABILITY = YES;
				GCC_C_LANGUAGE_STANDARD = gnu11;
				GCC_DYNAMIC_NO_PIC = NO;
				GCC_NO_COMMON_BLOCKS = YES;
				GCC_OPTIMIZATION_LEVEL = 0;
				GCC_PREPROCESSOR_DEFINITIONS = (
					"DEBUG=1",
					"$(inherited)",
				);
				GCC_WARN_64_TO_32_BIT_CONVERSION = YES;
				GCC_WARN_ABOUT_RETURN_TYPE = YES_ERROR;
				GCC_WARN_UNDECLARED_SELECTOR = YES;
				GCC_WARN_UNINITIALIZED_AUTOS = YES_AGGRESSIVE;
				GCC_WARN_UNUSED_FUNCTION = YES;
				GCC_WARN_UNUSED_VARIABLE = YES;
				IPHONEOS_DEPLOYMENT_TARGET = 14.2;
				MTL_ENABLE_DEBUG_INFO = INCLUDE_SOURCE;
				MTL_FAST_MATH = YES;
				ONLY_ACTIVE_ARCH = YES;
				SDKROOT = iphoneos;
				SWIFT_ACTIVE_COMPILATION_CONDITIONS = DEBUG;
				SWIFT_OPTIMIZATION_LEVEL = "-Onone";
			};
			name = Debug;
		};
		2503B3222618A17B00D3A1DD /* Release */ = {
			isa = XCBuildConfiguration;
			buildSettings = {
				ALWAYS_SEARCH_USER_PATHS = NO;
				CLANG_ANALYZER_NONNULL = YES;
				CLANG_ANALYZER_NUMBER_OBJECT_CONVERSION = YES_AGGRESSIVE;
				CLANG_CXX_LANGUAGE_STANDARD = "gnu++14";
				CLANG_CXX_LIBRARY = "libc++";
				CLANG_ENABLE_MODULES = YES;
				CLANG_ENABLE_OBJC_ARC = YES;
				CLANG_ENABLE_OBJC_WEAK = YES;
				CLANG_WARN_BLOCK_CAPTURE_AUTORELEASING = YES;
				CLANG_WARN_BOOL_CONVERSION = YES;
				CLANG_WARN_COMMA = YES;
				CLANG_WARN_CONSTANT_CONVERSION = YES;
				CLANG_WARN_DEPRECATED_OBJC_IMPLEMENTATIONS = YES;
				CLANG_WARN_DIRECT_OBJC_ISA_USAGE = YES_ERROR;
				CLANG_WARN_DOCUMENTATION_COMMENTS = YES;
				CLANG_WARN_EMPTY_BODY = YES;
				CLANG_WARN_ENUM_CONVERSION = YES;
				CLANG_WARN_INFINITE_RECURSION = YES;
				CLANG_WARN_INT_CONVERSION = YES;
				CLANG_WARN_NON_LITERAL_NULL_CONVERSION = YES;
				CLANG_WARN_OBJC_IMPLICIT_RETAIN_SELF = YES;
				CLANG_WARN_OBJC_LITERAL_CONVERSION = YES;
				CLANG_WARN_OBJC_ROOT_CLASS = YES_ERROR;
				CLANG_WARN_QUOTED_INCLUDE_IN_FRAMEWORK_HEADER = YES;
				CLANG_WARN_RANGE_LOOP_ANALYSIS = YES;
				CLANG_WARN_STRICT_PROTOTYPES = YES;
				CLANG_WARN_SUSPICIOUS_MOVE = YES;
				CLANG_WARN_UNGUARDED_AVAILABILITY = YES_AGGRESSIVE;
				CLANG_WARN_UNREACHABLE_CODE = YES;
				CLANG_WARN__DUPLICATE_METHOD_MATCH = YES;
				COPY_PHASE_STRIP = NO;
				DEBUG_INFORMATION_FORMAT = "dwarf-with-dsym";
				ENABLE_NS_ASSERTIONS = NO;
				ENABLE_STRICT_OBJC_MSGSEND = YES;
				GCC_C_LANGUAGE_STANDARD = gnu11;
				GCC_NO_COMMON_BLOCKS = YES;
				GCC_WARN_64_TO_32_BIT_CONVERSION = YES;
				GCC_WARN_ABOUT_RETURN_TYPE = YES_ERROR;
				GCC_WARN_UNDECLARED_SELECTOR = YES;
				GCC_WARN_UNINITIALIZED_AUTOS = YES_AGGRESSIVE;
				GCC_WARN_UNUSED_FUNCTION = YES;
				GCC_WARN_UNUSED_VARIABLE = YES;
				IPHONEOS_DEPLOYMENT_TARGET = 14.2;
				MTL_ENABLE_DEBUG_INFO = NO;
				MTL_FAST_MATH = YES;
				SDKROOT = iphoneos;
				SWIFT_COMPILATION_MODE = wholemodule;
				SWIFT_OPTIMIZATION_LEVEL = "-O";
				VALIDATE_PRODUCT = YES;
			};
			name = Release;
		};
		2503B3242618A17B00D3A1DD /* Debug */ = {
			isa = XCBuildConfiguration;
			buildSettings = {
				ASSETCATALOG_COMPILER_APPICON_NAME = AppIcon;
				ASSETCATALOG_COMPILER_GLOBAL_ACCENT_COLOR_NAME = AccentColor;
				CODE_SIGN_STYLE = Automatic;
				DEVELOPMENT_TEAM = CYR48D66K6;
				INFOPLIST_FILE = RGBtoHexConverter/Info.plist;
				LD_RUNPATH_SEARCH_PATHS = (
					"$(inherited)",
					"@executable_path/Frameworks",
				);
				PRODUCT_BUNDLE_IDENTIFIER = com.aytug.RGBtoHexConverter;
				PRODUCT_NAME = "$(TARGET_NAME)";
				SWIFT_VERSION = 5.0;
				TARGETED_DEVICE_FAMILY = "1,2";
			};
			name = Debug;
		};
		2503B3252618A17B00D3A1DD /* Release */ = {
			isa = XCBuildConfiguration;
			buildSettings = {
				ASSETCATALOG_COMPILER_APPICON_NAME = AppIcon;
				ASSETCATALOG_COMPILER_GLOBAL_ACCENT_COLOR_NAME = AccentColor;
				CODE_SIGN_STYLE = Automatic;
				DEVELOPMENT_TEAM = CYR48D66K6;
				INFOPLIST_FILE = RGBtoHexConverter/Info.plist;
				LD_RUNPATH_SEARCH_PATHS = (
					"$(inherited)",
					"@executable_path/Frameworks",
				);
				PRODUCT_BUNDLE_IDENTIFIER = com.aytug.RGBtoHexConverter;
				PRODUCT_NAME = "$(TARGET_NAME)";
				SWIFT_VERSION = 5.0;
				TARGETED_DEVICE_FAMILY = "1,2";
			};
			name = Release;
		};
/* End XCBuildConfiguration section */

/* Begin XCConfigurationList section */
		2503B30A2618A17800D3A1DD /* Build configuration list for PBXProject "RGBtoHexConverter" */ = {
			isa = XCConfigurationList;
			buildConfigurations = (
				2503B3212618A17B00D3A1DD /* Debug */,
				2503B3222618A17B00D3A1DD /* Release */,
			);
			defaultConfigurationIsVisible = 0;
			defaultConfigurationName = Release;
		};
		2503B3232618A17B00D3A1DD /* Build configuration list for PBXNativeTarget "RGBtoHexConverter" */ = {
			isa = XCConfigurationList;
			buildConfigurations = (
				2503B3242618A17B00D3A1DD /* Debug */,
				2503B3252618A17B00D3A1DD /* Release */,
			);
			defaultConfigurationIsVisible = 0;
			defaultConfigurationName = Release;
		};
/* End XCConfigurationList section */
	};
	rootObject = 2503B3072618A17800D3A1DD /* Project object */;
}
